{
  "requires": true,
  "lockfileVersion": 1,
  "dependencies": {
    "clone": {
      "version": "0.1.2",
      "resolved": "https://registry.npmjs.org/clone/-/clone-0.1.2.tgz",
      "integrity": "sha1-/lTWIjbKdesOH9to5tSCb3sC1MQ="
    },
    "iconfig": {
      "version": "0.0.1",
      "resolved": "https://registry.npmjs.org/iconfig/-/iconfig-0.0.1.tgz",
      "integrity": "sha1-gN7Jkkfey+V8cfWxShXunL3usYw=",
      "requires": {
        "clone": "0.1.2",
        "iservice-client": "0.0.22"
      }
    },
    "iservice-client": {
      "version": "0.0.22",
      "resolved": "https://registry.npmjs.org/iservice-client/-/iservice-client-0.0.22.tgz",
      "integrity": "sha1-gZC8SPdgbx4273R4fih9dIFJKSs="
    }
  }
}
